
Microsoft Visual Studio Solution File, Format Version 12.00
# Visual Studio Version 17
VisualStudioVersion = 17.3.32929.385
MinimumVisualStudioVersion = 10.0.40219.1
Project("{8BC9CEB8-8B4A-11D0-8D11-00A0C91BC942}") = "Lab5.03", "Lab5.03\Lab5.03.vcxproj", "{EA14BF41-4D46-4E83-B83A-9939AC88B584}"
EndProject
Project("{8BC9CEB8-8B4A-11D0-8D11-00A0C91BC942}") = "lab5.3 test", "lab5.3 test\lab5.3 test.vcxproj", "{251DB8CA-95FD-4896-B669-E0A16B30976A}"
EndProject
Global
	GlobalSection(SolutionConfigurationPlatforms) = preSolution
		Debug|x64 = Debug|x64
		Debug|x86 = Debug|x86
		Release|x64 = Release|x64
		Release|x86 = Release|x86
	EndGlobalSection
	GlobalSection(ProjectConfigurationPlatforms) = postSolution
		{EA14BF41-4D46-4E83-B83A-9939AC88B584}.Debug|x64.ActiveCfg = Debug|x64
		{EA14BF41-4D46-4E83-B83A-9939AC88B584}.Debug|x64.Build.0 = Debug|x64
		{EA14BF41-4D46-4E83-B83A-9939AC88B584}.Debug|x86.ActiveCfg = Debug|Win32
		{EA14BF41-4D46-4E83-B83A-9939AC88B584}.Debug|x86.Build.0 = Debug|Win32
		{EA14BF41-4D46-4E83-B83A-9939AC88B584}.Release|x64.ActiveCfg = Release|x64
		{EA14BF41-4D46-4E83-B83A-9939AC88B584}.Release|x64.Build.0 = Release|x64
		{EA14BF41-4D46-4E83-B83A-9939AC88B584}.Release|x86.ActiveCfg = Release|Win32
		{EA14BF41-4D46-4E83-B83A-9939AC88B584}.Release|x86.Build.0 = Release|Win32
		{251DB8CA-95FD-4896-B669-E0A16B30976A}.Debug|x64.ActiveCfg = Debug|x64
		{251DB8CA-95FD-4896-B669-E0A16B30976A}.Debug|x64.Build.0 = Debug|x64
		{251DB8CA-95FD-4896-B669-E0A16B30976A}.Debug|x86.ActiveCfg = Debug|Win32
		{251DB8CA-95FD-4896-B669-E0A16B30976A}.Debug|x86.Build.0 = Debug|Win32
		{251DB8CA-95FD-4896-B669-E0A16B30976A}.Release|x64.ActiveCfg = Release|x64
		{251DB8CA-95FD-4896-B669-E0A16B30976A}.Release|x64.Build.0 = Release|x64
		{251DB8CA-95FD-4896-B669-E0A16B30976A}.Release|x86.ActiveCfg = Release|Win32
		{251DB8CA-95FD-4896-B669-E0A16B30976A}.Release|x86.Build.0 = Release|Win32
	EndGlobalSection
	GlobalSection(SolutionProperties) = preSolution
		HideSolutionNode = FALSE
	EndGlobalSection
	GlobalSection(ExtensibilityGlobals) = postSolution
		SolutionGuid = {EBC9A2D9-A712-46EB-BD35-9C382FE731B9}
	EndGlobalSection
EndGlobal
